
Microsoft Visual Studio Solution File, Format Version 12.00
# Visual Studio 15
VisualStudioVersion = 15.0.27130.0
MinimumVisualStudioVersion = 10.0.40219.1
Project("{FAE04EC0-301F-11D3-BF4B-00C04F79EFBC}") = "RobotApp", "RobotApp\RobotApp.csproj", "{5AB08408-94B3-4F0D-9148-B48285538A76}"
EndProject
Project("{FAE04EC0-301F-11D3-BF4B-00C04F79EFBC}") = "Robot", "Robot\Robot.csproj", "{5F511AEB-0AAA-473F-AB55-17727FFEFD8A}"
EndProject
Project("{FAE04EC0-301F-11D3-BF4B-00C04F79EFBC}") = "Robot.Tests", "Robot.Tests\Robot.Tests.csproj", "{4C00F5E9-4FE1-4A19-91BA-BE328E764478}"
EndProject
Global
	GlobalSection(SolutionConfigurationPlatforms) = preSolution
		Debug|Any CPU = Debug|Any CPU
		Release|Any CPU = Release|Any CPU
	EndGlobalSection
	GlobalSection(ProjectConfigurationPlatforms) = postSolution
		{5AB08408-94B3-4F0D-9148-B48285538A76}.Debug|Any CPU.ActiveCfg = Debug|Any CPU
		{5AB08408-94B3-4F0D-9148-B48285538A76}.Debug|Any CPU.Build.0 = Debug|Any CPU
		{5AB08408-94B3-4F0D-9148-B48285538A76}.Release|Any CPU.ActiveCfg = Release|Any CPU
		{5AB08408-94B3-4F0D-9148-B48285538A76}.Release|Any CPU.Build.0 = Release|Any CPU
		{5F511AEB-0AAA-473F-AB55-17727FFEFD8A}.Debug|Any CPU.ActiveCfg = Debug|Any CPU
		{5F511AEB-0AAA-473F-AB55-17727FFEFD8A}.Debug|Any CPU.Build.0 = Debug|Any CPU
		{5F511AEB-0AAA-473F-AB55-17727FFEFD8A}.Release|Any CPU.ActiveCfg = Release|Any CPU
		{5F511AEB-0AAA-473F-AB55-17727FFEFD8A}.Release|Any CPU.Build.0 = Release|Any CPU
		{4C00F5E9-4FE1-4A19-91BA-BE328E764478}.Debug|Any CPU.ActiveCfg = Debug|Any CPU
		{4C00F5E9-4FE1-4A19-91BA-BE328E764478}.Debug|Any CPU.Build.0 = Debug|Any CPU
		{4C00F5E9-4FE1-4A19-91BA-BE328E764478}.Release|Any CPU.ActiveCfg = Release|Any CPU
		{4C00F5E9-4FE1-4A19-91BA-BE328E764478}.Release|Any CPU.Build.0 = Release|Any CPU
	EndGlobalSection
	GlobalSection(SolutionProperties) = preSolution
		HideSolutionNode = FALSE
	EndGlobalSection
	GlobalSection(ExtensibilityGlobals) = postSolution
		SolutionGuid = {95433EEF-3830-4633-99F4-3639900F8920}
	EndGlobalSection
EndGlobal
